
Microsoft Visual Studio Solution File, Format Version 12.00
# Visual Studio Version 17
VisualStudioVersion = 17.14.36310.24
MinimumVisualStudioVersion = 10.0.40219.1
Project("{FAE04EC0-301F-11D3-BF4B-00C04F79EFBC}") = "SEMANA1_C#", "SEMANA1_C#\SEMANA1_C#.csproj", "{6746B6FE-4E04-44FB-91BF-C83B1D248BE9}"
EndProject
Project("{888888A0-9F3D-457C-B088-3A5042F75D52}") = "SEMANA1_PY", "SEMANA1_PY\SEMANA1_PY.pyproj", "{7B1FD348-8D55-42F7-A443-F59E1FCDA8D2}"
EndProject
Project("{FAE04EC0-301F-11D3-BF4B-00C04F79EFBC}") = "SEMANA4_C#", "SEMANA4_C#\SEMANA4_C#.csproj", "{2A42995B-7466-4DC5-A88D-9C845BA508B9}"
EndProject
Project("{888888A0-9F3D-457C-B088-3A5042F75D52}") = "SEMANA5-PY", "SEMANA5-PY\SEMANA5-PY.pyproj", "{57AB7B04-F557-4071-9F1D-7682382798FD}"
EndProject
Project("{FAE04EC0-301F-11D3-BF4B-00C04F79EFBC}") = "SEMANA6_C#", "SEMANA6_C#\SEMANA6_C#.csproj", "{D814D2AE-F951-4488-9817-D66E499A936B}"
EndProject
Project("{888888A0-9F3D-457C-B088-3A5042F75D52}") = "SEMANA7_PY", "SEMANA7_PY\SEMANA7_PY.pyproj", "{1B6DE5FD-0E2F-4575-8A3B-69F094E43058}"
EndProject
Project("{FAE04EC0-301F-11D3-BF4B-00C04F79EFBC}") = "SEMANA7_C#", "SEMANA7_C#\SEMANA7_C#.csproj", "{54EB714A-4CAA-4149-9E36-EFFAB12C22C2}"
EndProject
Project("{888888A0-9F3D-457C-B088-3A5042F75D52}") = "SEMANA8_PY", "SEMANA8_PY\SEMANA8_PY.pyproj", "{F225BCFE-E444-44E7-9609-D50DC5292D32}"
EndProject
Project("{FAE04EC0-301F-11D3-BF4B-00C04F79EFBC}") = "Biblioteca", "Biblioteca\Biblioteca.csproj", "{CE9F5C03-02D5-442C-927C-D4AEFE84F872}"
EndProject
Project("{FAE04EC0-301F-11D3-BF4B-00C04F79EFBC}") = "SEMANA9_C#", "SEMANA9_C#\SEMANA9_C#.csproj", "{DB48A392-18A9-434F-BDB2-9EFA9FE58E97}"
EndProject
Project("{888888A0-9F3D-457C-B088-3A5042F75D52}") = "SEMANA10_PY", "SEMANA10_PY\SEMANA10_PY.pyproj", "{7909F06A-A613-4B1B-B1E7-1C81EA254846}"
EndProject
Global
	GlobalSection(SolutionConfigurationPlatforms) = preSolution
		Debug|Any CPU = Debug|Any CPU
		Release|Any CPU = Release|Any CPU
	EndGlobalSection
	GlobalSection(ProjectConfigurationPlatforms) = postSolution
		{6746B6FE-4E04-44FB-91BF-C83B1D248BE9}.Debug|Any CPU.ActiveCfg = Debug|Any CPU
		{6746B6FE-4E04-44FB-91BF-C83B1D248BE9}.Debug|Any CPU.Build.0 = Debug|Any CPU
		{6746B6FE-4E04-44FB-91BF-C83B1D248BE9}.Release|Any CPU.ActiveCfg = Release|Any CPU
		{6746B6FE-4E04-44FB-91BF-C83B1D248BE9}.Release|Any CPU.Build.0 = Release|Any CPU
		{7B1FD348-8D55-42F7-A443-F59E1FCDA8D2}.Debug|Any CPU.ActiveCfg = Debug|Any CPU
		{7B1FD348-8D55-42F7-A443-F59E1FCDA8D2}.Release|Any CPU.ActiveCfg = Release|Any CPU
		{2A42995B-7466-4DC5-A88D-9C845BA508B9}.Debug|Any CPU.ActiveCfg = Debug|Any CPU
		{2A42995B-7466-4DC5-A88D-9C845BA508B9}.Debug|Any CPU.Build.0 = Debug|Any CPU
		{2A42995B-7466-4DC5-A88D-9C845BA508B9}.Release|Any CPU.ActiveCfg = Release|Any CPU
		{2A42995B-7466-4DC5-A88D-9C845BA508B9}.Release|Any CPU.Build.0 = Release|Any CPU
		{57AB7B04-F557-4071-9F1D-7682382798FD}.Debug|Any CPU.ActiveCfg = Debug|Any CPU
		{57AB7B04-F557-4071-9F1D-7682382798FD}.Release|Any CPU.ActiveCfg = Release|Any CPU
		{D814D2AE-F951-4488-9817-D66E499A936B}.Debug|Any CPU.ActiveCfg = Debug|Any CPU
		{D814D2AE-F951-4488-9817-D66E499A936B}.Debug|Any CPU.Build.0 = Debug|Any CPU
		{D814D2AE-F951-4488-9817-D66E499A936B}.Release|Any CPU.ActiveCfg = Release|Any CPU
		{D814D2AE-F951-4488-9817-D66E499A936B}.Release|Any CPU.Build.0 = Release|Any CPU
		{1B6DE5FD-0E2F-4575-8A3B-69F094E43058}.Debug|Any CPU.ActiveCfg = Debug|Any CPU
		{1B6DE5FD-0E2F-4575-8A3B-69F094E43058}.Release|Any CPU.ActiveCfg = Release|Any CPU
		{54EB714A-4CAA-4149-9E36-EFFAB12C22C2}.Debug|Any CPU.ActiveCfg = Debug|Any CPU
		{54EB714A-4CAA-4149-9E36-EFFAB12C22C2}.Debug|Any CPU.Build.0 = Debug|Any CPU
		{54EB714A-4CAA-4149-9E36-EFFAB12C22C2}.Release|Any CPU.ActiveCfg = Release|Any CPU
		{54EB714A-4CAA-4149-9E36-EFFAB12C22C2}.Release|Any CPU.Build.0 = Release|Any CPU
		{F225BCFE-E444-44E7-9609-D50DC5292D32}.Debug|Any CPU.ActiveCfg = Debug|Any CPU
		{F225BCFE-E444-44E7-9609-D50DC5292D32}.Release|Any CPU.ActiveCfg = Release|Any CPU
		{CE9F5C03-02D5-442C-927C-D4AEFE84F872}.Debug|Any CPU.ActiveCfg = Debug|Any CPU
		{CE9F5C03-02D5-442C-927C-D4AEFE84F872}.Debug|Any CPU.Build.0 = Debug|Any CPU
		{CE9F5C03-02D5-442C-927C-D4AEFE84F872}.Release|Any CPU.ActiveCfg = Release|Any CPU
		{CE9F5C03-02D5-442C-927C-D4AEFE84F872}.Release|Any CPU.Build.0 = Release|Any CPU
		{DB48A392-18A9-434F-BDB2-9EFA9FE58E97}.Debug|Any CPU.ActiveCfg = Debug|Any CPU
		{DB48A392-18A9-434F-BDB2-9EFA9FE58E97}.Debug|Any CPU.Build.0 = Debug|Any CPU
		{DB48A392-18A9-434F-BDB2-9EFA9FE58E97}.Release|Any CPU.ActiveCfg = Release|Any CPU
		{DB48A392-18A9-434F-BDB2-9EFA9FE58E97}.Release|Any CPU.Build.0 = Release|Any CPU
		{7909F06A-A613-4B1B-B1E7-1C81EA254846}.Debug|Any CPU.ActiveCfg = Debug|Any CPU
		{7909F06A-A613-4B1B-B1E7-1C81EA254846}.Release|Any CPU.ActiveCfg = Release|Any CPU
	EndGlobalSection
	GlobalSection(SolutionProperties) = preSolution
		HideSolutionNode = FALSE
	EndGlobalSection
	GlobalSection(ExtensibilityGlobals) = postSolution
		SolutionGuid = {4046BD2F-33CB-4D0E-83AA-4025C9D93F2B}
	EndGlobalSection
EndGlobal
